{
  "name": "tiny_whiteboard",
  "version": "0.0.0",
  "lockfileVersion": 2,
  "requires": true,
  "packages": {
    "": {
      "version": "0.0.0",
      "dependencies": {
        "vue": "^3.2.25"
      },
      "devDependencies": {
        "@vitejs/plugin-vue": "^2.2.0",
        "vite": "^2.8.0"
      }
    },
    "node_modules/@babel/parser": {
      "version": "7.17.8",
      "resolved": "http://af.hikvision.com.cn:80/artifactory/api/npm/npm-down/@babel/parser/-/parser-7.17.8.tgz",
      "integrity": "sha1-KBf7nYhd2BMuoPjrYVpjiMyhwkA=",
      "license": "MIT",
      "bin": {
        "parser": "bin/babel-parser.js"
      },
      "engines": {
        "node": ">=6.0.0"
      }
    },
    "node_modules/@vitejs/plugin-vue": {
      "version": "2.2.4",
      "resolved": "http://af.hikvision.com.cn:80/artifactory/api/npm/npm-down/@vitejs/plugin-vue/-/plugin-vue-2.2.4.tgz",
      "integrity": "sha1-q4sZnKgklrBdJlTF80/8+blHJD0=",
      "dev": true,
      "license": "MIT",
      "engines": {
        "node": ">=12.0.0"
      },
      "peerDependencies": {
        "vite": "^2.5.10",
        "vue": "^3.2.25"
      }
    },
    "node_modules/@vue/compiler-core": {
      "version": "3.2.31",
      "resolved": "http://af.hikvision.com.cn:80/artifactory/api/npm/npm-down/@vue/compiler-core/-/compiler-core-3.2.31.tgz",
      "integrity": "sha1-048Gws+EV0JAO1I6tFlqP9oVLok=",
      "license": "MIT",
      "dependencies": {
        "@babel/parser": "^7.16.4",
        "@vue/shared": "3.2.31",
        "estree-walker": "^2.0.2",
        "source-map": "^0.6.1"
      }
    },
    "node_modules/@vue/compiler-dom": {
      "version": "3.2.31",
      "resolved": "http://af.hikvision.com.cn:80/artifactory/api/npm/npm-down/@vue/compiler-dom/-/compiler-dom-3.2.31.tgz",
      "integrity": "sha1-sbffrVXJbIzCuRnNfrX9fk3b8A4=",
      "license": "MIT",
      "dependencies": {
        "@vue/compiler-core": "3.2.31",
        "@vue/shared": "3.2.31"
      }
    },
    "node_modules/@vue/compiler-sfc": {
      "version": "3.2.31",
      "resolved": "http://af.hikvision.com.cn:80/artifactory/api/npm/npm-down/@vue/compiler-sfc/-/compiler-sfc-3.2.31.tgz",
      "integrity": "sha1-0Cspw/401ZmlLFrhxpN7TWnxHC8=",
      "license": "MIT",
      "dependencies": {
        "@babel/parser": "^7.16.4",
        "@vue/compiler-core": "3.2.31",
        "@vue/compiler-dom": "3.2.31",
        "@vue/compiler-ssr": "3.2.31",
        "@vue/reactivity-transform": "3.2.31",
        "@vue/shared": "3.2.31",
        "estree-walker": "^2.0.2",
        "magic-string": "^0.25.7",
        "postcss": "^8.1.10",
        "source-map": "^0.6.1"
      }
    },
    "node_modules/@vue/compiler-ssr": {
      "version": "3.2.31",
      "resolved": "http://af.hikvision.com.cn:80/artifactory/api/npm/npm-down/@vue/compiler-ssr/-/compiler-ssr-3.2.31.tgz",
      "integrity": "sha1-T6APSGycRYC0CkF3hx671lDsuZw=",
      "license": "MIT",
      "dependencies": {
        "@vue/compiler-dom": "3.2.31",
        "@vue/shared": "3.2.31"
      }
    },
    "node_modules/@vue/reactivity": {
      "version": "3.2.31",
      "resolved": "http://af.hikvision.com.cn:80/artifactory/api/npm/npm-down/@vue/reactivity/-/reactivity-3.2.31.tgz",
      "integrity": "sha1-/JCqLN9pVBi3nlNHg6ypDWOka70=",
      "license": "MIT",
      "dependencies": {
        "@vue/shared": "3.2.31"
      }
    },
    "node_modules/@vue/reactivity-transform": {
      "version": "3.2.31",
      "resolved": "http://af.hikvision.com.cn:80/artifactory/api/npm/npm-down/@vue/reactivity-transform/-/reactivity-transform-3.2.31.tgz",
      "integrity": "sha1-D1slwk5w7asrYT1TBcRltQ/ACRE=",
      "license": "MIT",
      "dependencies": {
        "@babel/parser": "^7.16.4",
        "@vue/compiler-core": "3.2.31",
        "@vue/shared": "3.2.31",
        "estree-walker": "^2.0.2",
        "magic-string": "^0.25.7"
      }
    },
    "node_modules/@vue/runtime-core": {
      "version": "3.2.31",
      "resolved": "http://af.hikvision.com.cn:80/artifactory/api/npm/npm-down/@vue/runtime-core/-/runtime-core-3.2.31.tgz",
      "integrity": "sha1-nShMOC9fmBt6e1lxBSodxO85rHo=",
      "license": "MIT",
      "dependencies": {
        "@vue/reactivity": "3.2.31",
        "@vue/shared": "3.2.31"
      }
    },
    "node_modules/@vue/runtime-dom": {
      "version": "3.2.31",
      "resolved": "http://af.hikvision.com.cn:80/artifactory/api/npm/npm-down/@vue/runtime-dom/-/runtime-dom-3.2.31.tgz",
      "integrity": "sha1-ec4BgXyzyvLJ2SP2abc40teVPv8=",
      "license": "MIT",
      "dependencies": {
        "@vue/runtime-core": "3.2.31",
        "@vue/shared": "3.2.31",
        "csstype": "^2.6.8"
      }
    },
    "node_modules/@vue/server-renderer": {
      "version": "3.2.31",
      "resolved": "http://af.hikvision.com.cn:80/artifactory/api/npm/npm-down/@vue/server-renderer/-/server-renderer-3.2.31.tgz",
      "integrity": "sha1-IB6dbOc1hH1ZiUA6+B74CWDacUE=",
      "license": "MIT",
      "dependencies": {
        "@vue/compiler-ssr": "3.2.31",
        "@vue/shared": "3.2.31"
      },
      "peerDependencies": {
        "vue": "3.2.31"
      }
    },
    "node_modules/@vue/shared": {
      "version": "3.2.31",
      "resolved": "http://af.hikvision.com.cn:80/artifactory/api/npm/npm-down/@vue/shared/-/shared-3.2.31.tgz",
      "integrity": "sha1-yQ3nEm2DPc06THU01TS+L7Qfqk4=",
      "license": "MIT"
    },
    "node_modules/csstype": {
      "version": "2.6.20",
      "resolved": "http://af.hikvision.com.cn:80/artifactory/api/npm/npm-down/csstype/-/csstype-2.6.20.tgz",
      "integrity": "sha1-kinGXqCyYM9NPZl8sGKI42qNbdo=",
      "license": "MIT"
    },
    "node_modules/esbuild": {
      "version": "0.14.28",
      "resolved": "http://af.hikvision.com.cn:80/artifactory/api/npm/npm-down/esbuild/-/esbuild-0.14.28.tgz",
      "integrity": "sha1-dzhjXS6hnkRr0xnYOhgCVF5q67g=",
      "dev": true,
      "hasInstallScript": true,
      "license": "MIT",
      "bin": {
        "esbuild": "bin/esbuild"
      },
      "engines": {
        "node": ">=12"
      },
      "optionalDependencies": {
        "esbuild-android-64": "0.14.28",
        "esbuild-android-arm64": "0.14.28",
        "esbuild-darwin-64": "0.14.28",
        "esbuild-darwin-arm64": "0.14.28",
        "esbuild-freebsd-64": "0.14.28",
        "esbuild-freebsd-arm64": "0.14.28",
        "esbuild-linux-32": "0.14.28",
        "esbuild-linux-64": "0.14.28",
        "esbuild-linux-arm": "0.14.28",
        "esbuild-linux-arm64": "0.14.28",
        "esbuild-linux-mips64le": "0.14.28",
        "esbuild-linux-ppc64le": "0.14.28",
        "esbuild-linux-riscv64": "0.14.28",
        "esbuild-linux-s390x": "0.14.28",
        "esbuild-netbsd-64": "0.14.28",
        "esbuild-openbsd-64": "0.14.28",
        "esbuild-sunos-64": "0.14.28",
        "esbuild-windows-32": "0.14.28",
        "esbuild-windows-64": "0.14.28",
        "esbuild-windows-arm64": "0.14.28"
      }
    },
    "node_modules/esbuild-android-64": {
      "version": "0.14.28",
      "resolved": "http://af.hikvision.com.cn:80/artifactory/api/npm/npm-down/esbuild-android-64/-/esbuild-android-64-0.14.28.tgz",
      "integrity": "sha1-aceopPSoiOtVhK+wNVJLD9p6//8=",
      "cpu": [
        "x64"
      ],
      "dev": true,
      "license": "MIT",
      "optional": true,
      "os": [
        "android"
      ],
      "engines": {
        "node": ">=12"
      }
    },
    "node_modules/esbuild-android-arm64": {
      "version": "0.14.28",
      "resolved": "http://af.hikvision.com.cn:80/artifactory/api/npm/npm-down/esbuild-android-arm64/-/esbuild-android-arm64-0.14.28.tgz",
      "integrity": "sha1-EQ/4IBnnW4ZrU4RMMvGfeTO0zjY=",
      "cpu": [
        "arm64"
      ],
      "dev": true,
      "license": "MIT",
      "optional": true,
      "os": [
        "android"
      ],
      "engines": {
        "node": ">=12"
      }
    },
    "node_modules/esbuild-darwin-64": {
      "version": "0.14.28",
      "resolved": "http://af.hikvision.com.cn:80/artifactory/api/npm/npm-down/esbuild-darwin-64/-/esbuild-darwin-64-0.14.28.tgz",
      "integrity": "sha1-2SnOFgNdpgR1BP6KcVh9Ksm3Vu0=",
      "cpu": [
        "x64"
      ],
      "dev": true,
      "license": "MIT",
      "optional": true,
      "os": [
        "darwin"
      ],
      "engines": {
        "node": ">=12"
      }
    },
    "node_modules/esbuild-darwin-arm64": {
      "version": "0.14.28",
      "resolved": "http://af.hikvision.com.cn:80/artifactory/api/npm/npm-down/esbuild-darwin-arm64/-/esbuild-darwin-arm64-0.14.28.tgz",
      "integrity": "sha1-deHLdcIjDFQb4XB8Z1E5X+6fa70=",
      "cpu": [
        "arm64"
      ],
      "dev": true,
      "license": "MIT",
      "optional": true,
      "os": [
        "darwin"
      ],
      "engines": {
        "node": ">=12"
      }
    },
    "node_modules/esbuild-freebsd-64": {
      "version": "0.14.28",
      "resolved": "http://af.hikvision.com.cn:80/artifactory/api/npm/npm-down/esbuild-freebsd-64/-/esbuild-freebsd-64-0.14.28.tgz",
      "integrity": "sha1-NXn9QfTAkNUuGpE0dD5ZHGrqSdc=",
      "cpu": [
        "x64"
      ],
      "dev": true,
      "license": "MIT",
      "optional": true,
      "os": [
        "freebsd"
      ],
      "engines": {
        "node": ">=12"
      }
    },
    "node_modules/esbuild-freebsd-arm64": {
      "version": "0.14.28",
      "resolved": "http://af.hikvision.com.cn:80/artifactory/api/npm/npm-down/esbuild-freebsd-arm64/-/esbuild-freebsd-arm64-0.14.28.tgz",
      "integrity": "sha1-3hwQKkAAX6naUWDAJCst6J/9LXs=",
      "cpu": [
        "arm64"
      ],
      "dev": true,
      "license": "MIT",
      "optional": true,
      "os": [
        "freebsd"
      ],
      "engines": {
        "node": ">=12"
      }
    },
    "node_modules/esbuild-linux-32": {
      "version": "0.14.28",
      "resolved": "http://af.hikvision.com.cn:80/artifactory/api/npm/npm-down/esbuild-linux-32/-/esbuild-linux-32-0.14.28.tgz",
      "integrity": "sha1-zbisIADfBgREUL8zqTudY9Ybtmk=",
      "cpu": [
        "ia32"
      ],
      "dev": true,
      "license": "MIT",
      "optional": true,
      "os": [
        "linux"
      ],
      "engines": {
        "node": ">=12"
      }
    },
    "node_modules/esbuild-linux-64": {
      "version": "0.14.28",
      "resolved": "http://af.hikvision.com.cn:80/artifactory/api/npm/npm-down/esbuild-linux-64/-/esbuild-linux-64-0.14.28.tgz",
      "integrity": "sha1-selh1Cr4nauMPAzoZCCnZXdl8K4=",
      "cpu": [
        "x64"
      ],
      "dev": true,
      "license": "MIT",
      "optional": true,
      "os": [
        "linux"
      ],
      "engines": {
        "node": ">=12"
      }
    },
    "node_modules/esbuild-linux-arm": {
      "version": "0.14.28",
      "resolved": "http://af.hikvision.com.cn:80/artifactory/api/npm/npm-down/esbuild-linux-arm/-/esbuild-linux-arm-0.14.28.tgz",
      "integrity": "sha1-nC+kVXhoY3Cl14IxTzIaLGtkEnA=",
      "cpu": [
        "arm"
      ],
      "dev": true,
      "license": "MIT",
      "optional": true,
      "os": [
        "linux"
      ],
      "engines": {
        "node": ">=12"
      }
    },
    "node_modules/esbuild-linux-arm64": {
      "version": "0.14.28",
      "resolved": "http://af.hikvision.com.cn:80/artifactory/api/npm/npm-down/esbuild-linux-arm64/-/esbuild-linux-arm64-0.14.28.tgz",
      "integrity": "sha1-9p5qznkqSYW5dgtEPb9ifl49ISY=",
      "cpu": [
        "arm64"
      ],
      "dev": true,
      "license": "MIT",
      "optional": true,
      "os": [
        "linux"
      ],
      "engines": {
        "node": ">=12"
      }
    },
    "node_modules/esbuild-linux-mips64le": {
      "version": "0.14.28",
      "resolved": "http://af.hikvision.com.cn:80/artifactory/api/npm/npm-down/esbuild-linux-mips64le/-/esbuild-linux-mips64le-0.14.28.tgz",
      "integrity": "sha1-mdePA4BkCqf6osTEmsISKb3zPHw=",
      "cpu": [
        "mips64el"
      ],
      "dev": true,
      "license": "MIT",
      "optional": true,
      "os": [
        "linux"
      ],
      "engines": {
        "node": ">=12"
      }
    },
    "node_modules/esbuild-linux-ppc64le": {
      "version": "0.14.28",
      "resolved": "http://af.hikvision.com.cn:80/artifactory/api/npm/npm-down/esbuild-linux-ppc64le/-/esbuild-linux-ppc64le-0.14.28.tgz",
      "integrity": "sha1-c4j6DHYDO0yoW3QHHLeT1BrndkI=",
      "cpu": [
        "ppc64"
      ],
      "dev": true,
      "license": "MIT",
      "optional": true,
      "os": [
        "linux"
      ],
      "engines": {
        "node": ">=12"
      }
    },
    "node_modules/esbuild-linux-riscv64": {
      "version": "0.14.28",
      "resolved": "http://af.hikvision.com.cn:80/artifactory/api/npm/npm-down/esbuild-linux-riscv64/-/esbuild-linux-riscv64-0.14.28.tgz",
      "integrity": "sha1-meSor+R2LpJ+vgIAnhkn448yVqs=",
      "cpu": [
        "riscv64"
      ],
      "dev": true,
      "license": "MIT",
      "optional": true,
      "os": [
        "linux"
      ],
      "engines": {
        "node": ">=12"
      }
    },
    "node_modules/esbuild-linux-s390x": {
      "version": "0.14.28",
      "resolved": "http://af.hikvision.com.cn:80/artifactory/api/npm/npm-down/esbuild-linux-s390x/-/esbuild-linux-s390x-0.14.28.tgz",
      "integrity": "sha1-OKYlOZ/8ePO4tVXr4gEzRyVqmoo=",
      "cpu": [
        "s390x"
      ],
      "dev": true,
      "license": "MIT",
      "optional": true,
      "os": [
        "linux"
      ],
      "engines": {
        "node": ">=12"
      }
    },
    "node_modules/esbuild-netbsd-64": {
      "version": "0.14.28",
      "resolved": "http://af.hikvision.com.cn:80/artifactory/api/npm/npm-down/esbuild-netbsd-64/-/esbuild-netbsd-64-0.14.28.tgz",
      "integrity": "sha1-/cCd1pMT9CvgNCdsx4C/YMCSZrY=",
      "cpu": [
        "x64"
      ],
      "dev": true,
      "license": "MIT",
      "optional": true,
      "os": [
        "netbsd"
      ],
      "engines": {
        "node": ">=12"
      }
    },
    "node_modules/esbuild-openbsd-64": {
      "version": "0.14.28",
      "resolved": "http://af.hikvision.com.cn:80/artifactory/api/npm/npm-down/esbuild-openbsd-64/-/esbuild-openbsd-64-0.14.28.tgz",
      "integrity": "sha1-nXsMpCGuWAq5RcacM+q9eTJiqEw=",
      "cpu": [
        "x64"
      ],
      "dev": true,
      "license": "MIT",
      "optional": true,
      "os": [
        "openbsd"
      ],
      "engines": {
        "node": ">=12"
      }
    },
    "node_modules/esbuild-sunos-64": {
      "version": "0.14.28",
      "resolved": "http://af.hikvision.com.cn:80/artifactory/api/npm/npm-down/esbuild-sunos-64/-/esbuild-sunos-64-0.14.28.tgz",
      "integrity": "sha1-W4KAfr5DVRmiaJ4aTVC4o8xcZMA=",
      "cpu": [
        "x64"
      ],
      "dev": true,
      "license": "MIT",
      "optional": true,
      "os": [
        "sunos"
      ],
      "engines": {
        "node": ">=12"
      }
    },
    "node_modules/esbuild-windows-32": {
      "version": "0.14.28",
      "resolved": "http://af.hikvision.com.cn:80/artifactory/api/npm/npm-down/esbuild-windows-32/-/esbuild-windows-32-0.14.28.tgz",
      "integrity": "sha1-XPdAeC+tyGXACqDYOI5CASvPSW4=",
      "cpu": [
        "ia32"
      ],
      "dev": true,
      "license": "MIT",
      "optional": true,
      "os": [
        "win32"
      ],
      "engines": {
        "node": ">=12"
      }
    },
    "node_modules/esbuild-windows-64": {
      "version": "0.14.28",
      "resolved": "http://af.hikvision.com.cn:80/artifactory/api/npm/npm-down/esbuild-windows-64/-/esbuild-windows-64-0.14.28.tgz",
      "integrity": "sha1-bj7BsCJdZootoh4v/v8jU7XJpWc=",
      "cpu": [
        "x64"
      ],
      "dev": true,
      "license": "MIT",
      "optional": true,
      "os": [
        "win32"
      ],
      "engines": {
        "node": ">=12"
      }
    },
    "node_modules/esbuild-windows-arm64": {
      "version": "0.14.28",
      "resolved": "http://af.hikvision.com.cn:80/artifactory/api/npm/npm-down/esbuild-windows-arm64/-/esbuild-windows-arm64-0.14.28.tgz",
      "integrity": "sha1-xSfVLsfR+GglnQ907MQAPoR1El0=",
      "cpu": [
        "arm64"
      ],
      "dev": true,
      "license": "MIT",
      "optional": true,
      "os": [
        "win32"
      ],
      "engines": {
        "node": ">=12"
      }
    },
    "node_modules/estree-walker": {
      "version": "2.0.2",
      "resolved": "http://af.hikvision.com.cn:80/artifactory/api/npm/npm-down/estree-walker/-/estree-walker-2.0.2.tgz",
      "integrity": "sha1-UvAQF4wqTBF6d1fP6UKtt9LaTKw=",
      "license": "MIT"
    },
    "node_modules/fsevents": {
      "version": "2.3.2",
      "resolved": "http://af.hikvision.com.cn:80/artifactory/api/npm/npm-down/fsevents/-/fsevents-2.3.2.tgz",
      "integrity": "sha1-ilJveLj99GI7cJ4Ll1xSwkwC/Ro=",
      "dev": true,
      "hasInstallScript": true,
      "license": "MIT",
      "optional": true,
      "os": [
        "darwin"
      ],
      "engines": {
        "node": "^8.16.0 || ^10.6.0 || >=11.0.0"
      }
    },
    "node_modules/function-bind": {
      "version": "1.1.1",
      "resolved": "http://af.hikvision.com.cn:80/artifactory/api/npm/npm-down/function-bind/-/function-bind-1.1.1.tgz",
      "integrity": "sha1-pWiZ0+o8m6uHS7l3O3xe3pL0iV0=",
      "dev": true,
      "license": "MIT"
    },
    "node_modules/has": {
      "version": "1.0.3",
      "resolved": "http://af.hikvision.com.cn:80/artifactory/api/npm/npm-down/has/-/has-1.0.3.tgz",
      "integrity": "sha1-ci18v8H2qoJB8W3YFOAR4fQeh5Y=",
      "dev": true,
      "license": "MIT",
      "dependencies": {
        "function-bind": "^1.1.1"
      },
      "engines": {
        "node": ">= 0.4.0"
      }
    },
    "node_modules/is-core-module": {
      "version": "2.8.1",
      "resolved": "http://af.hikvision.com.cn:80/artifactory/api/npm/npm-down/is-core-module/-/is-core-module-2.8.1.tgz",
      "integrity": "sha1-9Z/fynAdWHnQprEApAqhVgzichE=",
      "dev": true,
      "license": "MIT",
      "dependencies": {
        "has": "^1.0.3"
      },
      "funding": {
        "url": "https://github.com/sponsors/ljharb"
      }
    },
    "node_modules/magic-string": {
      "version": "0.25.9",
      "resolved": "http://af.hikvision.com.cn:80/artifactory/api/npm/npm-down/magic-string/-/magic-string-0.25.9.tgz",
      "integrity": "sha1-3n+fr5HvihyR0CwuUxTIJ3283Rw=",
      "license": "MIT",
      "dependencies": {
        "sourcemap-codec": "^1.4.8"
      }
    },
    "node_modules/nanoid": {
      "version": "3.3.2",
      "resolved": "http://af.hikvision.com.cn:80/artifactory/api/npm/npm-down/nanoid/-/nanoid-3.3.2.tgz",
      "integrity": "sha1-yJYi+vtDgc0iFCHGnsWFR6HuxVc=",
      "license": "MIT",
      "bin": {
        "nanoid": "bin/nanoid.cjs"
      },
      "engines": {
        "node": "^10 || ^12 || ^13.7 || ^14 || >=15.0.1"
      }
    },
    "node_modules/path-parse": {
      "version": "1.0.7",
      "resolved": "http://af.hikvision.com.cn:80/artifactory/api/npm/npm-down/path-parse/-/path-parse-1.0.7.tgz",
      "integrity": "sha1-+8EUtgykKzDZ2vWFjkvWi77bZzU=",
      "dev": true,
      "license": "MIT"
    },
    "node_modules/picocolors": {
      "version": "1.0.0",
      "resolved": "http://af.hikvision.com.cn:80/artifactory/api/npm/npm-down/picocolors/-/picocolors-1.0.0.tgz",
      "integrity": "sha1-y1vcdP8/UYkiNur3nWi8RFZKuBw=",
      "license": "ISC"
    },
    "node_modules/postcss": {
      "version": "8.4.12",
      "resolved": "http://af.hikvision.com.cn:80/artifactory/api/npm/npm-down/postcss/-/postcss-8.4.12.tgz",
      "integrity": "sha1-Hn3nhzOyiXD6R0P32m83Y2SLGQU=",
      "funding": [
        {
          "type": "opencollective",
          "url": "https://opencollective.com/postcss/"
        },
        {
          "type": "tidelift",
          "url": "https://tidelift.com/funding/github/npm/postcss"
        }
      ],
      "license": "MIT",
      "dependencies": {
        "nanoid": "^3.3.1",
        "picocolors": "^1.0.0",
        "source-map-js": "^1.0.2"
      },
      "engines": {
        "node": "^10 || ^12 || >=14"
      }
    },
    "node_modules/resolve": {
      "version": "1.22.0",
      "resolved": "http://af.hikvision.com.cn:80/artifactory/api/npm/npm-down/resolve/-/resolve-1.22.0.tgz",
      "integrity": "sha1-XguMZ8Fd9XqJvbq+YDoALyFzEZg=",
      "dev": true,
      "license": "MIT",
      "dependencies": {
        "is-core-module": "^2.8.1",
        "path-parse": "^1.0.7",
        "supports-preserve-symlinks-flag": "^1.0.0"
      },
      "bin": {
        "resolve": "bin/resolve"
      },
      "funding": {
        "url": "https://github.com/sponsors/ljharb"
      }
    },
    "node_modules/rollup": {
      "version": "2.70.1",
      "resolved": "http://af.hikvision.com.cn:80/artifactory/api/npm/npm-down/rollup/-/rollup-2.70.1.tgz",
      "integrity": "sha1-gksfH4eeo5bbMLD8OujS/q2TUj4=",
      "dev": true,
      "license": "MIT",
      "bin": {
        "rollup": "dist/bin/rollup"
      },
      "engines": {
        "node": ">=10.0.0"
      },
      "optionalDependencies": {
        "fsevents": "~2.3.2"
      }
    },
    "node_modules/source-map": {
      "version": "0.6.1",
      "resolved": "http://af.hikvision.com.cn:80/artifactory/api/npm/npm-down/source-map/-/source-map-0.6.1.tgz",
      "integrity": "sha1-dHIq8y6WFOnCh6jQu95IteLxomM=",
      "license": "BSD-3-Clause",
      "engines": {
        "node": ">=0.10.0"
      }
    },
    "node_modules/source-map-js": {
      "version": "1.0.2",
      "resolved": "http://af.hikvision.com.cn:80/artifactory/api/npm/npm-down/source-map-js/-/source-map-js-1.0.2.tgz",
      "integrity": "sha1-rbw2HZxi3zgBJefxYfccgm8eSQw=",
      "license": "BSD-3-Clause",
      "engines": {
        "node": ">=0.10.0"
      }
    },
    "node_modules/sourcemap-codec": {
      "version": "1.4.8",
      "resolved": "http://af.hikvision.com.cn:80/artifactory/api/npm/npm-down/sourcemap-codec/-/sourcemap-codec-1.4.8.tgz",
      "integrity": "sha1-6oBL2UhXQC5pktBaOO8a41qatMQ=",
      "license": "MIT"
    },
    "node_modules/supports-preserve-symlinks-flag": {
      "version": "1.0.0",
      "resolved": "http://af.hikvision.com.cn:80/artifactory/api/npm/npm-down/supports-preserve-symlinks-flag/-/supports-preserve-symlinks-flag-1.0.0.tgz",
      "integrity": "sha1-btpL00SjyUrqN21MwxvHcxEDngk=",
      "dev": true,
      "license": "MIT",
      "engines": {
        "node": ">= 0.4"
      },
      "funding": {
        "url": "https://github.com/sponsors/ljharb"
      }
    },
    "node_modules/vite": {
      "version": "2.8.6",
      "resolved": "http://af.hikvision.com.cn:80/artifactory/api/npm/npm-down/vite/-/vite-2.8.6.tgz",
      "integrity": "sha1-MtUOI8mcoxsmuMzceLHXLU1zI9M=",
      "dev": true,
      "license": "MIT",
      "dependencies": {
        "esbuild": "^0.14.14",
        "postcss": "^8.4.6",
        "resolve": "^1.22.0",
        "rollup": "^2.59.0"
      },
      "bin": {
        "vite": "bin/vite.js"
      },
      "engines": {
        "node": ">=12.2.0"
      },
      "optionalDependencies": {
        "fsevents": "~2.3.2"
      },
      "peerDependencies": {
        "less": "*",
        "sass": "*",
        "stylus": "*"
      },
      "peerDependenciesMeta": {
        "less": {
          "optional": true
        },
        "sass": {
          "optional": true
        },
        "stylus": {
          "optional": true
        }
      }
    },
    "node_modules/vue": {
      "version": "3.2.31",
      "resolved": "http://af.hikvision.com.cn:80/artifactory/api/npm/npm-down/vue/-/vue-3.2.31.tgz",
      "integrity": "sha1-4MSZJDNenxiDUoFniKTMoQ+BfOY=",
      "license": "MIT",
      "dependencies": {
        "@vue/compiler-dom": "3.2.31",
        "@vue/compiler-sfc": "3.2.31",
        "@vue/runtime-dom": "3.2.31",
        "@vue/server-renderer": "3.2.31",
        "@vue/shared": "3.2.31"
      }
    }
  },
  "dependencies": {
    "@babel/parser": {
      "version": "7.17.8",
      "resolved": "http://af.hikvision.com.cn:80/artifactory/api/npm/npm-down/@babel/parser/-/parser-7.17.8.tgz",
      "integrity": "sha1-KBf7nYhd2BMuoPjrYVpjiMyhwkA="
    },
    "@vitejs/plugin-vue": {
      "version": "2.2.4",
      "resolved": "http://af.hikvision.com.cn:80/artifactory/api/npm/npm-down/@vitejs/plugin-vue/-/plugin-vue-2.2.4.tgz",
      "integrity": "sha1-q4sZnKgklrBdJlTF80/8+blHJD0=",
      "dev": true,
      "requires": {}
    },
    "@vue/compiler-core": {
      "version": "3.2.31",
      "resolved": "http://af.hikvision.com.cn:80/artifactory/api/npm/npm-down/@vue/compiler-core/-/compiler-core-3.2.31.tgz",
      "integrity": "sha1-048Gws+EV0JAO1I6tFlqP9oVLok=",
      "requires": {
        "@babel/parser": "^7.16.4",
        "@vue/shared": "3.2.31",
        "estree-walker": "^2.0.2",
        "source-map": "^0.6.1"
      }
    },
    "@vue/compiler-dom": {
      "version": "3.2.31",
      "resolved": "http://af.hikvision.com.cn:80/artifactory/api/npm/npm-down/@vue/compiler-dom/-/compiler-dom-3.2.31.tgz",
      "integrity": "sha1-sbffrVXJbIzCuRnNfrX9fk3b8A4=",
      "requires": {
        "@vue/compiler-core": "3.2.31",
        "@vue/shared": "3.2.31"
      }
    },
    "@vue/compiler-sfc": {
      "version": "3.2.31",
      "resolved": "http://af.hikvision.com.cn:80/artifactory/api/npm/npm-down/@vue/compiler-sfc/-/compiler-sfc-3.2.31.tgz",
      "integrity": "sha1-0Cspw/401ZmlLFrhxpN7TWnxHC8=",
      "requires": {
        "@babel/parser": "^7.16.4",
        "@vue/compiler-core": "3.2.31",
        "@vue/compiler-dom": "3.2.31",
        "@vue/compiler-ssr": "3.2.31",
        "@vue/reactivity-transform": "3.2.31",
        "@vue/shared": "3.2.31",
        "estree-walker": "^2.0.2",
        "magic-string": "^0.25.7",
        "postcss": "^8.1.10",
        "source-map": "^0.6.1"
      }
    },
    "@vue/compiler-ssr": {
      "version": "3.2.31",
      "resolved": "http://af.hikvision.com.cn:80/artifactory/api/npm/npm-down/@vue/compiler-ssr/-/compiler-ssr-3.2.31.tgz",
      "integrity": "sha1-T6APSGycRYC0CkF3hx671lDsuZw=",
      "requires": {
        "@vue/compiler-dom": "3.2.31",
        "@vue/shared": "3.2.31"
      }
    },
    "@vue/reactivity": {
      "version": "3.2.31",
      "resolved": "http://af.hikvision.com.cn:80/artifactory/api/npm/npm-down/@vue/reactivity/-/reactivity-3.2.31.tgz",
      "integrity": "sha1-/JCqLN9pVBi3nlNHg6ypDWOka70=",
      "requires": {
        "@vue/shared": "3.2.31"
      }
    },
    "@vue/reactivity-transform": {
      "version": "3.2.31",
      "resolved": "http://af.hikvision.com.cn:80/artifactory/api/npm/npm-down/@vue/reactivity-transform/-/reactivity-transform-3.2.31.tgz",
      "integrity": "sha1-D1slwk5w7asrYT1TBcRltQ/ACRE=",
      "requires": {
        "@babel/parser": "^7.16.4",
        "@vue/compiler-core": "3.2.31",
        "@vue/shared": "3.2.31",
        "estree-walker": "^2.0.2",
        "magic-string": "^0.25.7"
      }
    },
    "@vue/runtime-core": {
      "version": "3.2.31",
      "resolved": "http://af.hikvision.com.cn:80/artifactory/api/npm/npm-down/@vue/runtime-core/-/runtime-core-3.2.31.tgz",
      "integrity": "sha1-nShMOC9fmBt6e1lxBSodxO85rHo=",
      "requires": {
        "@vue/reactivity": "3.2.31",
        "@vue/shared": "3.2.31"
      }
    },
    "@vue/runtime-dom": {
      "version": "3.2.31",
      "resolved": "http://af.hikvision.com.cn:80/artifactory/api/npm/npm-down/@vue/runtime-dom/-/runtime-dom-3.2.31.tgz",
      "integrity": "sha1-ec4BgXyzyvLJ2SP2abc40teVPv8=",
      "requires": {
        "@vue/runtime-core": "3.2.31",
        "@vue/shared": "3.2.31",
        "csstype": "^2.6.8"
      }
    },
    "@vue/server-renderer": {
      "version": "3.2.31",
      "resolved": "http://af.hikvision.com.cn:80/artifactory/api/npm/npm-down/@vue/server-renderer/-/server-renderer-3.2.31.tgz",
      "integrity": "sha1-IB6dbOc1hH1ZiUA6+B74CWDacUE=",
      "requires": {
        "@vue/compiler-ssr": "3.2.31",
        "@vue/shared": "3.2.31"
      }
    },
    "@vue/shared": {
      "version": "3.2.31",
      "resolved": "http://af.hikvision.com.cn:80/artifactory/api/npm/npm-down/@vue/shared/-/shared-3.2.31.tgz",
      "integrity": "sha1-yQ3nEm2DPc06THU01TS+L7Qfqk4="
    },
    "csstype": {
      "version": "2.6.20",
      "resolved": "http://af.hikvision.com.cn:80/artifactory/api/npm/npm-down/csstype/-/csstype-2.6.20.tgz",
      "integrity": "sha1-kinGXqCyYM9NPZl8sGKI42qNbdo="
    },
    "esbuild": {
      "version": "0.14.28",
      "resolved": "http://af.hikvision.com.cn:80/artifactory/api/npm/npm-down/esbuild/-/esbuild-0.14.28.tgz",
      "integrity": "sha1-dzhjXS6hnkRr0xnYOhgCVF5q67g=",
      "dev": true,
      "requires": {
        "esbuild-android-64": "0.14.28",
        "esbuild-android-arm64": "0.14.28",
        "esbuild-darwin-64": "0.14.28",
        "esbuild-darwin-arm64": "0.14.28",
        "esbuild-freebsd-64": "0.14.28",
        "esbuild-freebsd-arm64": "0.14.28",
        "esbuild-linux-32": "0.14.28",
        "esbuild-linux-64": "0.14.28",
        "esbuild-linux-arm": "0.14.28",
        "esbuild-linux-arm64": "0.14.28",
        "esbuild-linux-mips64le": "0.14.28",
        "esbuild-linux-ppc64le": "0.14.28",
        "esbuild-linux-riscv64": "0.14.28",
        "esbuild-linux-s390x": "0.14.28",
        "esbuild-netbsd-64": "0.14.28",
        "esbuild-openbsd-64": "0.14.28",
        "esbuild-sunos-64": "0.14.28",
        "esbuild-windows-32": "0.14.28",
        "esbuild-windows-64": "0.14.28",
        "esbuild-windows-arm64": "0.14.28"
      }
    },
    "esbuild-android-64": {
      "version": "0.14.28",
      "resolved": "http://af.hikvision.com.cn:80/artifactory/api/npm/npm-down/esbuild-android-64/-/esbuild-android-64-0.14.28.tgz",
      "integrity": "sha1-aceopPSoiOtVhK+wNVJLD9p6//8=",
      "dev": true,
      "optional": true
    },
    "esbuild-android-arm64": {
      "version": "0.14.28",
      "resolved": "http://af.hikvision.com.cn:80/artifactory/api/npm/npm-down/esbuild-android-arm64/-/esbuild-android-arm64-0.14.28.tgz",
      "integrity": "sha1-EQ/4IBnnW4ZrU4RMMvGfeTO0zjY=",
      "dev": true,
      "optional": true
    },
    "esbuild-darwin-64": {
      "version": "0.14.28",
      "resolved": "http://af.hikvision.com.cn:80/artifactory/api/npm/npm-down/esbuild-darwin-64/-/esbuild-darwin-64-0.14.28.tgz",
      "integrity": "sha1-2SnOFgNdpgR1BP6KcVh9Ksm3Vu0=",
      "dev": true,
      "optional": true
    },
    "esbuild-darwin-arm64": {
      "version": "0.14.28",
      "resolved": "http://af.hikvision.com.cn:80/artifactory/api/npm/npm-down/esbuild-darwin-arm64/-/esbuild-darwin-arm64-0.14.28.tgz",
      "integrity": "sha1-deHLdcIjDFQb4XB8Z1E5X+6fa70=",
      "dev": true,
      "optional": true
    },
    "esbuild-freebsd-64": {
      "version": "0.14.28",
      "resolved": "http://af.hikvision.com.cn:80/artifactory/api/npm/npm-down/esbuild-freebsd-64/-/esbuild-freebsd-64-0.14.28.tgz",
      "integrity": "sha1-NXn9QfTAkNUuGpE0dD5ZHGrqSdc=",
      "dev": true,
      "optional": true
    },
    "esbuild-freebsd-arm64": {
      "version": "0.14.28",
      "resolved": "http://af.hikvision.com.cn:80/artifactory/api/npm/npm-down/esbuild-freebsd-arm64/-/esbuild-freebsd-arm64-0.14.28.tgz",
      "integrity": "sha1-3hwQKkAAX6naUWDAJCst6J/9LXs=",
      "dev": true,
      "optional": true
    },
    "esbuild-linux-32": {
      "version": "0.14.28",
      "resolved": "http://af.hikvision.com.cn:80/artifactory/api/npm/npm-down/esbuild-linux-32/-/esbuild-linux-32-0.14.28.tgz",
      "integrity": "sha1-zbisIADfBgREUL8zqTudY9Ybtmk=",
      "dev": true,
      "optional": true
    },
    "esbuild-linux-64": {
      "version": "0.14.28",
      "resolved": "http://af.hikvision.com.cn:80/artifactory/api/npm/npm-down/esbuild-linux-64/-/esbuild-linux-64-0.14.28.tgz",
      "integrity": "sha1-selh1Cr4nauMPAzoZCCnZXdl8K4=",
      "dev": true,
      "optional": true
    },
    "esbuild-linux-arm": {
      "version": "0.14.28",
      "resolved": "http://af.hikvision.com.cn:80/artifactory/api/npm/npm-down/esbuild-linux-arm/-/esbuild-linux-arm-0.14.28.tgz",
      "integrity": "sha1-nC+kVXhoY3Cl14IxTzIaLGtkEnA=",
      "dev": true,
      "optional": true
    },
    "esbuild-linux-arm64": {
      "version": "0.14.28",
      "resolved": "http://af.hikvision.com.cn:80/artifactory/api/npm/npm-down/esbuild-linux-arm64/-/esbuild-linux-arm64-0.14.28.tgz",
      "integrity": "sha1-9p5qznkqSYW5dgtEPb9ifl49ISY=",
      "dev": true,
      "optional": true
    },
    "esbuild-linux-mips64le": {
      "version": "0.14.28",
      "resolved": "http://af.hikvision.com.cn:80/artifactory/api/npm/npm-down/esbuild-linux-mips64le/-/esbuild-linux-mips64le-0.14.28.tgz",
      "integrity": "sha1-mdePA4BkCqf6osTEmsISKb3zPHw=",
      "dev": true,
      "optional": true
    },
    "esbuild-linux-ppc64le": {
      "version": "0.14.28",
      "resolved": "http://af.hikvision.com.cn:80/artifactory/api/npm/npm-down/esbuild-linux-ppc64le/-/esbuild-linux-ppc64le-0.14.28.tgz",
      "integrity": "sha1-c4j6DHYDO0yoW3QHHLeT1BrndkI=",
      "dev": true,
      "optional": true
    },
    "esbuild-linux-riscv64": {
      "version": "0.14.28",
      "resolved": "http://af.hikvision.com.cn:80/artifactory/api/npm/npm-down/esbuild-linux-riscv64/-/esbuild-linux-riscv64-0.14.28.tgz",
      "integrity": "sha1-meSor+R2LpJ+vgIAnhkn448yVqs=",
      "dev": true,
      "optional": true
    },
    "esbuild-linux-s390x": {
      "version": "0.14.28",
      "resolved": "http://af.hikvision.com.cn:80/artifactory/api/npm/npm-down/esbuild-linux-s390x/-/esbuild-linux-s390x-0.14.28.tgz",
      "integrity": "sha1-OKYlOZ/8ePO4tVXr4gEzRyVqmoo=",
      "dev": true,
      "optional": true
    },
    "esbuild-netbsd-64": {
      "version": "0.14.28",
      "resolved": "http://af.hikvision.com.cn:80/artifactory/api/npm/npm-down/esbuild-netbsd-64/-/esbuild-netbsd-64-0.14.28.tgz",
      "integrity": "sha1-/cCd1pMT9CvgNCdsx4C/YMCSZrY=",
      "dev": true,
      "optional": true
    },
    "esbuild-openbsd-64": {
      "version": "0.14.28",
      "resolved": "http://af.hikvision.com.cn:80/artifactory/api/npm/npm-down/esbuild-openbsd-64/-/esbuild-openbsd-64-0.14.28.tgz",
      "integrity": "sha1-nXsMpCGuWAq5RcacM+q9eTJiqEw=",
      "dev": true,
      "optional": true
    },
    "esbuild-sunos-64": {
      "version": "0.14.28",
      "resolved": "http://af.hikvision.com.cn:80/artifactory/api/npm/npm-down/esbuild-sunos-64/-/esbuild-sunos-64-0.14.28.tgz",
      "integrity": "sha1-W4KAfr5DVRmiaJ4aTVC4o8xcZMA=",
      "dev": true,
      "optional": true
    },
    "esbuild-windows-32": {
      "version": "0.14.28",
      "resolved": "http://af.hikvision.com.cn:80/artifactory/api/npm/npm-down/esbuild-windows-32/-/esbuild-windows-32-0.14.28.tgz",
      "integrity": "sha1-XPdAeC+tyGXACqDYOI5CASvPSW4=",
      "dev": true,
      "optional": true
    },
    "esbuild-windows-64": {
      "version": "0.14.28",
      "resolved": "http://af.hikvision.com.cn:80/artifactory/api/npm/npm-down/esbuild-windows-64/-/esbuild-windows-64-0.14.28.tgz",
      "integrity": "sha1-bj7BsCJdZootoh4v/v8jU7XJpWc=",
      "dev": true,
      "optional": true
    },
    "esbuild-windows-arm64": {
      "version": "0.14.28",
      "resolved": "http://af.hikvision.com.cn:80/artifactory/api/npm/npm-down/esbuild-windows-arm64/-/esbuild-windows-arm64-0.14.28.tgz",
      "integrity": "sha1-xSfVLsfR+GglnQ907MQAPoR1El0=",
      "dev": true,
      "optional": true
    },
    "estree-walker": {
      "version": "2.0.2",
      "resolved": "http://af.hikvision.com.cn:80/artifactory/api/npm/npm-down/estree-walker/-/estree-walker-2.0.2.tgz",
      "integrity": "sha1-UvAQF4wqTBF6d1fP6UKtt9LaTKw="
    },
    "fsevents": {
      "version": "2.3.2",
      "resolved": "http://af.hikvision.com.cn:80/artifactory/api/npm/npm-down/fsevents/-/fsevents-2.3.2.tgz",
      "integrity": "sha1-ilJveLj99GI7cJ4Ll1xSwkwC/Ro=",
      "dev": true,
      "optional": true
    },
    "function-bind": {
      "version": "1.1.1",
      "resolved": "http://af.hikvision.com.cn:80/artifactory/api/npm/npm-down/function-bind/-/function-bind-1.1.1.tgz",
      "integrity": "sha1-pWiZ0+o8m6uHS7l3O3xe3pL0iV0=",
      "dev": true
    },
    "has": {
      "version": "1.0.3",
      "resolved": "http://af.hikvision.com.cn:80/artifactory/api/npm/npm-down/has/-/has-1.0.3.tgz",
      "integrity": "sha1-ci18v8H2qoJB8W3YFOAR4fQeh5Y=",
      "dev": true,
      "requires": {
        "function-bind": "^1.1.1"
      }
    },
    "is-core-module": {
      "version": "2.8.1",
      "resolved": "http://af.hikvision.com.cn:80/artifactory/api/npm/npm-down/is-core-module/-/is-core-module-2.8.1.tgz",
      "integrity": "sha1-9Z/fynAdWHnQprEApAqhVgzichE=",
      "dev": true,
      "requires": {
        "has": "^1.0.3"
      }
    },
    "magic-string": {
      "version": "0.25.9",
      "resolved": "http://af.hikvision.com.cn:80/artifactory/api/npm/npm-down/magic-string/-/magic-string-0.25.9.tgz",
      "integrity": "sha1-3n+fr5HvihyR0CwuUxTIJ3283Rw=",
      "requires": {
        "sourcemap-codec": "^1.4.8"
      }
    },
    "nanoid": {
      "version": "3.3.2",
      "resolved": "http://af.hikvision.com.cn:80/artifactory/api/npm/npm-down/nanoid/-/nanoid-3.3.2.tgz",
      "integrity": "sha1-yJYi+vtDgc0iFCHGnsWFR6HuxVc="
    },
    "path-parse": {
      "version": "1.0.7",
      "resolved": "http://af.hikvision.com.cn:80/artifactory/api/npm/npm-down/path-parse/-/path-parse-1.0.7.tgz",
      "integrity": "sha1-+8EUtgykKzDZ2vWFjkvWi77bZzU=",
      "dev": true
    },
    "picocolors": {
      "version": "1.0.0",
      "resolved": "http://af.hikvision.com.cn:80/artifactory/api/npm/npm-down/picocolors/-/picocolors-1.0.0.tgz",
      "integrity": "sha1-y1vcdP8/UYkiNur3nWi8RFZKuBw="
    },
    "postcss": {
      "version": "8.4.12",
      "resolved": "http://af.hikvision.com.cn:80/artifactory/api/npm/npm-down/postcss/-/postcss-8.4.12.tgz",
      "integrity": "sha1-Hn3nhzOyiXD6R0P32m83Y2SLGQU=",
      "requires": {
        "nanoid": "^3.3.1",
        "picocolors": "^1.0.0",
        "source-map-js": "^1.0.2"
      }
    },
    "resolve": {
      "version": "1.22.0",
      "resolved": "http://af.hikvision.com.cn:80/artifactory/api/npm/npm-down/resolve/-/resolve-1.22.0.tgz",
      "integrity": "sha1-XguMZ8Fd9XqJvbq+YDoALyFzEZg=",
      "dev": true,
      "requires": {
        "is-core-module": "^2.8.1",
        "path-parse": "^1.0.7",
        "supports-preserve-symlinks-flag": "^1.0.0"
      }
    },
    "rollup": {
      "version": "2.70.1",
      "resolved": "http://af.hikvision.com.cn:80/artifactory/api/npm/npm-down/rollup/-/rollup-2.70.1.tgz",
      "integrity": "sha1-gksfH4eeo5bbMLD8OujS/q2TUj4=",
      "dev": true,
      "requires": {
        "fsevents": "~2.3.2"
      }
    },
    "source-map": {
      "version": "0.6.1",
      "resolved": "http://af.hikvision.com.cn:80/artifactory/api/npm/npm-down/source-map/-/source-map-0.6.1.tgz",
      "integrity": "sha1-dHIq8y6WFOnCh6jQu95IteLxomM="
    },
    "source-map-js": {
      "version": "1.0.2",
      "resolved": "http://af.hikvision.com.cn:80/artifactory/api/npm/npm-down/source-map-js/-/source-map-js-1.0.2.tgz",
      "integrity": "sha1-rbw2HZxi3zgBJefxYfccgm8eSQw="
    },
    "sourcemap-codec": {
      "version": "1.4.8",
      "resolved": "http://af.hikvision.com.cn:80/artifactory/api/npm/npm-down/sourcemap-codec/-/sourcemap-codec-1.4.8.tgz",
      "integrity": "sha1-6oBL2UhXQC5pktBaOO8a41qatMQ="
    },
    "supports-preserve-symlinks-flag": {
      "version": "1.0.0",
      "resolved": "http://af.hikvision.com.cn:80/artifactory/api/npm/npm-down/supports-preserve-symlinks-flag/-/supports-preserve-symlinks-flag-1.0.0.tgz",
      "integrity": "sha1-btpL00SjyUrqN21MwxvHcxEDngk=",
      "dev": true
    },
    "vite": {
      "version": "2.8.6",
      "resolved": "http://af.hikvision.com.cn:80/artifactory/api/npm/npm-down/vite/-/vite-2.8.6.tgz",
      "integrity": "sha1-MtUOI8mcoxsmuMzceLHXLU1zI9M=",
      "dev": true,
      "requires": {
        "esbuild": "^0.14.14",
        "fsevents": "~2.3.2",
        "postcss": "^8.4.6",
        "resolve": "^1.22.0",
        "rollup": "^2.59.0"
      }
    },
    "vue": {
      "version": "3.2.31",
      "resolved": "http://af.hikvision.com.cn:80/artifactory/api/npm/npm-down/vue/-/vue-3.2.31.tgz",
      "integrity": "sha1-4MSZJDNenxiDUoFniKTMoQ+BfOY=",
      "requires": {
        "@vue/compiler-dom": "3.2.31",
        "@vue/compiler-sfc": "3.2.31",
        "@vue/runtime-dom": "3.2.31",
        "@vue/server-renderer": "3.2.31",
        "@vue/shared": "3.2.31"
      }
    }
  }
}
