{
    "name": "tiny-whiteboard",
    "lockfileVersion": 2,
    "requires": true,
    "packages": {
        "": {
            "dependencies": {
                "eventemitter3": "^4.0.7"
            }
        },
        "node_modules/eventemitter3": {
            "version": "4.0.7",
            "resolved": "http://af.hikvision.com.cn:80/artifactory/api/npm/npm-down/eventemitter3/-/eventemitter3-4.0.7.tgz",
            "integrity": "sha1-Lem2j2Uo1WRO9cWVJqG0oHMGFp8=",
            "license": "MIT"
        }
    },
    "dependencies": {
        "eventemitter3": {
            "version": "4.0.7",
            "resolved": "http://af.hikvision.com.cn:80/artifactory/api/npm/npm-down/eventemitter3/-/eventemitter3-4.0.7.tgz",
            "integrity": "sha1-Lem2j2Uo1WRO9cWVJqG0oHMGFp8="
        }
    }
}
